
Microsoft Visual Studio Solution File, Format Version 12.00
Project("{FAE04EC0-301F-11D3-BF4B-00C04F79EFBC}") = "Game", "Game.csproj", "{103F1AE1-A5DE-4D10-807A-1CA406A4D7F4}"
EndProject
Global
	GlobalSection(SolutionConfigurationPlatforms) = preSolution
		Debug|Any CPU = Debug|Any CPU
		Release|Any CPU = Release|Any CPU
	EndGlobalSection
	GlobalSection(ProjectConfigurationPlatforms) = postSolution
		{103F1AE1-A5DE-4D10-807A-1CA406A4D7F4}.Debug|Any CPU.ActiveCfg = Debug|Any CPU
		{103F1AE1-A5DE-4D10-807A-1CA406A4D7F4}.Debug|Any CPU.Build.0 = Debug|Any CPU
		{103F1AE1-A5DE-4D10-807A-1CA406A4D7F4}.Release|Any CPU.ActiveCfg = Release|Any CPU
		{103F1AE1-A5DE-4D10-807A-1CA406A4D7F4}.Release|Any CPU.Build.0 = Release|Any CPU
	EndGlobalSection
EndGlobal
